
Microsoft Visual Studio Solution File, Format Version 12.00
# Visual Studio Version 16
VisualStudioVersion = 16.0.29509.3
MinimumVisualStudioVersion = 10.0.40219.1
Project("{FAE04EC0-301F-11D3-BF4B-00C04F79EFBC}") = "Conglomerate.App", "Conglomerate.Api\Conglomerate.App.csproj", "{5FB9A360-55AD-44D6-AD18-CEA4722BFA13}"
EndProject
Project("{FAE04EC0-301F-11D3-BF4B-00C04F79EFBC}") = "Conglomerate.Api", "Conglomerate.ApiLib\Conglomerate.Api.csproj", "{9F6E18E7-314C-40D5-8937-0AFE3A9C7179}"
EndProject
Project("{FAE04EC0-301F-11D3-BF4B-00C04F79EFBC}") = "Conglomerate.Data", "Conglomerate.Data\Conglomerate.Data.csproj", "{A6ADF54C-7ACD-4616-8624-932385F6266C}"
EndProject
Global
	GlobalSection(SolutionConfigurationPlatforms) = preSolution
		Debug|Any CPU = Debug|Any CPU
		Release|Any CPU = Release|Any CPU
	EndGlobalSection
	GlobalSection(ProjectConfigurationPlatforms) = postSolution
		{5FB9A360-55AD-44D6-AD18-CEA4722BFA13}.Debug|Any CPU.ActiveCfg = Debug|Any CPU
		{5FB9A360-55AD-44D6-AD18-CEA4722BFA13}.Debug|Any CPU.Build.0 = Debug|Any CPU
		{5FB9A360-55AD-44D6-AD18-CEA4722BFA13}.Release|Any CPU.ActiveCfg = Release|Any CPU
		{5FB9A360-55AD-44D6-AD18-CEA4722BFA13}.Release|Any CPU.Build.0 = Release|Any CPU
		{9F6E18E7-314C-40D5-8937-0AFE3A9C7179}.Debug|Any CPU.ActiveCfg = Debug|Any CPU
		{9F6E18E7-314C-40D5-8937-0AFE3A9C7179}.Debug|Any CPU.Build.0 = Debug|Any CPU
		{9F6E18E7-314C-40D5-8937-0AFE3A9C7179}.Release|Any CPU.ActiveCfg = Release|Any CPU
		{9F6E18E7-314C-40D5-8937-0AFE3A9C7179}.Release|Any CPU.Build.0 = Release|Any CPU
		{A6ADF54C-7ACD-4616-8624-932385F6266C}.Debug|Any CPU.ActiveCfg = Debug|Any CPU
		{A6ADF54C-7ACD-4616-8624-932385F6266C}.Debug|Any CPU.Build.0 = Debug|Any CPU
		{A6ADF54C-7ACD-4616-8624-932385F6266C}.Release|Any CPU.ActiveCfg = Release|Any CPU
		{A6ADF54C-7ACD-4616-8624-932385F6266C}.Release|Any CPU.Build.0 = Release|Any CPU
	EndGlobalSection
	GlobalSection(SolutionProperties) = preSolution
		HideSolutionNode = FALSE
	EndGlobalSection
	GlobalSection(ExtensibilityGlobals) = postSolution
		SolutionGuid = {551125C1-A109-4180-85ED-FD74E68B97EF}
	EndGlobalSection
EndGlobal
