
Microsoft Visual Studio Solution File, Format Version 12.00
# Visual Studio Version 16
VisualStudioVersion = 16.0.29509.3
MinimumVisualStudioVersion = 10.0.40219.1
Project("{9A19103F-16F7-4668-BE54-9A1E7A4F7556}") = "Conglomerate.App", "Conglomerate.App\Conglomerate.App.csproj", "{5FB9A360-55AD-44D6-AD18-CEA4722BFA13}"
EndProject
Project("{9A19103F-16F7-4668-BE54-9A1E7A4F7556}") = "Conglomerate.Api", "Conglomerate.Api\Conglomerate.Api.csproj", "{9F6E18E7-314C-40D5-8937-0AFE3A9C7179}"
EndProject
Project("{9A19103F-16F7-4668-BE54-9A1E7A4F7556}") = "Conglomerate.Data", "Conglomerate.Data\Conglomerate.Data.csproj", "{A6ADF54C-7ACD-4616-8624-932385F6266C}"
EndProject
Project("{9A19103F-16F7-4668-BE54-9A1E7A4F7556}") = "Conglomerate.ServiceRepository", "Conglomerate.ServiceRepository\Conglomerate.ServiceRepository.csproj", "{CA882D61-8308-4932-9528-B905FAF3C697}"
EndProject
Project("{9A19103F-16F7-4668-BE54-9A1E7A4F7556}") = "Conglomerate.Cqrs", "Conglomerate.Cqrs\Conglomerate.Cqrs.csproj", "{77BABA8E-56A6-4C56-9ED0-1B49791991A5}"
EndProject
Project("{FAE04EC0-301F-11D3-BF4B-00C04F79EFBC}") = "Conglomerate.Hangfire", "Conglomerate.Hangfire\Conglomerate.Hangfire.csproj", "{4F5FC8F4-4D96-4C51-9A80-3D5834D364C5}"
EndProject
Project("{2150E333-8FDC-42A3-9474-1A3956D46DE8}") = "host", "host", "{E96C24F7-5B74-49F7-8DEC-A681F42B06E6}"
EndProject
Project("{2150E333-8FDC-42A3-9474-1A3956D46DE8}") = "service", "service", "{5DA6BD18-6DB5-43F8-B97A-4A11F09AA2EF}"
EndProject
Project("{2150E333-8FDC-42A3-9474-1A3956D46DE8}") = "common", "common", "{F9F6BA4A-AB71-4F90-8703-9D7CC59FFB6F}"
EndProject
Project("{2150E333-8FDC-42A3-9474-1A3956D46DE8}") = "api", "api", "{9936EC63-4D65-4675-9966-9121209FDBBA}"
EndProject
Global
	GlobalSection(SolutionConfigurationPlatforms) = preSolution
		Debug|Any CPU = Debug|Any CPU
		Release|Any CPU = Release|Any CPU
	EndGlobalSection
	GlobalSection(ProjectConfigurationPlatforms) = postSolution
		{5FB9A360-55AD-44D6-AD18-CEA4722BFA13}.Debug|Any CPU.ActiveCfg = Debug|Any CPU
		{5FB9A360-55AD-44D6-AD18-CEA4722BFA13}.Debug|Any CPU.Build.0 = Debug|Any CPU
		{5FB9A360-55AD-44D6-AD18-CEA4722BFA13}.Release|Any CPU.ActiveCfg = Release|Any CPU
		{5FB9A360-55AD-44D6-AD18-CEA4722BFA13}.Release|Any CPU.Build.0 = Release|Any CPU
		{9F6E18E7-314C-40D5-8937-0AFE3A9C7179}.Debug|Any CPU.ActiveCfg = Debug|Any CPU
		{9F6E18E7-314C-40D5-8937-0AFE3A9C7179}.Debug|Any CPU.Build.0 = Debug|Any CPU
		{9F6E18E7-314C-40D5-8937-0AFE3A9C7179}.Release|Any CPU.ActiveCfg = Release|Any CPU
		{9F6E18E7-314C-40D5-8937-0AFE3A9C7179}.Release|Any CPU.Build.0 = Release|Any CPU
		{A6ADF54C-7ACD-4616-8624-932385F6266C}.Debug|Any CPU.ActiveCfg = Debug|Any CPU
		{A6ADF54C-7ACD-4616-8624-932385F6266C}.Debug|Any CPU.Build.0 = Debug|Any CPU
		{A6ADF54C-7ACD-4616-8624-932385F6266C}.Release|Any CPU.ActiveCfg = Release|Any CPU
		{A6ADF54C-7ACD-4616-8624-932385F6266C}.Release|Any CPU.Build.0 = Release|Any CPU
		{CA882D61-8308-4932-9528-B905FAF3C697}.Debug|Any CPU.ActiveCfg = Debug|Any CPU
		{CA882D61-8308-4932-9528-B905FAF3C697}.Debug|Any CPU.Build.0 = Debug|Any CPU
		{CA882D61-8308-4932-9528-B905FAF3C697}.Release|Any CPU.ActiveCfg = Release|Any CPU
		{CA882D61-8308-4932-9528-B905FAF3C697}.Release|Any CPU.Build.0 = Release|Any CPU
		{77BABA8E-56A6-4C56-9ED0-1B49791991A5}.Debug|Any CPU.ActiveCfg = Debug|Any CPU
		{77BABA8E-56A6-4C56-9ED0-1B49791991A5}.Debug|Any CPU.Build.0 = Debug|Any CPU
		{77BABA8E-56A6-4C56-9ED0-1B49791991A5}.Release|Any CPU.ActiveCfg = Release|Any CPU
		{77BABA8E-56A6-4C56-9ED0-1B49791991A5}.Release|Any CPU.Build.0 = Release|Any CPU
		{4F5FC8F4-4D96-4C51-9A80-3D5834D364C5}.Debug|Any CPU.ActiveCfg = Debug|Any CPU
		{4F5FC8F4-4D96-4C51-9A80-3D5834D364C5}.Debug|Any CPU.Build.0 = Debug|Any CPU
		{4F5FC8F4-4D96-4C51-9A80-3D5834D364C5}.Release|Any CPU.ActiveCfg = Release|Any CPU
		{4F5FC8F4-4D96-4C51-9A80-3D5834D364C5}.Release|Any CPU.Build.0 = Release|Any CPU
	EndGlobalSection
	GlobalSection(SolutionProperties) = preSolution
		HideSolutionNode = FALSE
	EndGlobalSection
	GlobalSection(NestedProjects) = preSolution
		{5FB9A360-55AD-44D6-AD18-CEA4722BFA13} = {E96C24F7-5B74-49F7-8DEC-A681F42B06E6}
		{9F6E18E7-314C-40D5-8937-0AFE3A9C7179} = {9936EC63-4D65-4675-9966-9121209FDBBA}
		{A6ADF54C-7ACD-4616-8624-932385F6266C} = {F9F6BA4A-AB71-4F90-8703-9D7CC59FFB6F}
		{CA882D61-8308-4932-9528-B905FAF3C697} = {5DA6BD18-6DB5-43F8-B97A-4A11F09AA2EF}
		{77BABA8E-56A6-4C56-9ED0-1B49791991A5} = {5DA6BD18-6DB5-43F8-B97A-4A11F09AA2EF}
		{4F5FC8F4-4D96-4C51-9A80-3D5834D364C5} = {E96C24F7-5B74-49F7-8DEC-A681F42B06E6}
	EndGlobalSection
	GlobalSection(ExtensibilityGlobals) = postSolution
		SolutionGuid = {551125C1-A109-4180-85ED-FD74E68B97EF}
	EndGlobalSection
EndGlobal
